
Microsoft Visual Studio Solution File, Format Version 12.00
# Visual Studio Version 16
VisualStudioVersion = 16.0.29209.152
MinimumVisualStudioVersion = 10.0.40219.1
Project("{FAE04EC0-301F-11D3-BF4B-00C04F79EFBC}") = "OrderApp.Shared", "OrderApp.Shared\OrderApp.Shared.csproj", "{73181D7E-53FA-4B5D-856B-7F2B4573284A}"
EndProject
Project("{9A19103F-16F7-4668-BE54-9A1E7A4F7556}") = "OrderApp.Worker", "OrderApp.Worker\OrderApp.Worker.csproj", "{FDEF8C28-EEF3-48E8-8151-773BED196D32}"
EndProject
Project("{9A19103F-16F7-4668-BE54-9A1E7A4F7556}") = "OrderApp.App", "OrderApp.App\OrderApp.App.csproj", "{FE69045C-B550-411B-B21E-B121CE37C4EA}"
EndProject
Global
	GlobalSection(SolutionConfigurationPlatforms) = preSolution
		Debug|Any CPU = Debug|Any CPU
		Release|Any CPU = Release|Any CPU
	EndGlobalSection
	GlobalSection(ProjectConfigurationPlatforms) = postSolution
		{73181D7E-53FA-4B5D-856B-7F2B4573284A}.Debug|Any CPU.ActiveCfg = Debug|Any CPU
		{73181D7E-53FA-4B5D-856B-7F2B4573284A}.Debug|Any CPU.Build.0 = Debug|Any CPU
		{73181D7E-53FA-4B5D-856B-7F2B4573284A}.Release|Any CPU.ActiveCfg = Release|Any CPU
		{73181D7E-53FA-4B5D-856B-7F2B4573284A}.Release|Any CPU.Build.0 = Release|Any CPU
		{FDEF8C28-EEF3-48E8-8151-773BED196D32}.Debug|Any CPU.ActiveCfg = Debug|Any CPU
		{FDEF8C28-EEF3-48E8-8151-773BED196D32}.Debug|Any CPU.Build.0 = Debug|Any CPU
		{FDEF8C28-EEF3-48E8-8151-773BED196D32}.Release|Any CPU.ActiveCfg = Release|Any CPU
		{FDEF8C28-EEF3-48E8-8151-773BED196D32}.Release|Any CPU.Build.0 = Release|Any CPU
		{FE69045C-B550-411B-B21E-B121CE37C4EA}.Debug|Any CPU.ActiveCfg = Debug|Any CPU
		{FE69045C-B550-411B-B21E-B121CE37C4EA}.Debug|Any CPU.Build.0 = Debug|Any CPU
		{FE69045C-B550-411B-B21E-B121CE37C4EA}.Release|Any CPU.ActiveCfg = Release|Any CPU
		{FE69045C-B550-411B-B21E-B121CE37C4EA}.Release|Any CPU.Build.0 = Release|Any CPU
	EndGlobalSection
	GlobalSection(SolutionProperties) = preSolution
		HideSolutionNode = FALSE
	EndGlobalSection
	GlobalSection(ExtensibilityGlobals) = postSolution
		SolutionGuid = {3579491A-9A2C-4295-94A0-0C055B69F8BB}
	EndGlobalSection
EndGlobal
